
Microsoft Visual Studio Solution File, Format Version 12.00
# Visual Studio Version 16
VisualStudioVersion = 16.0.30114.105
MinimumVisualStudioVersion = 10.0.40219.1
Project("{FAE04EC0-301F-11D3-BF4B-00C04F79EFBC}") = "OrderManager", "OrderManager.csproj", "{5B5E4F8C-AC69-4273-99D7-E10083DC75AE}"
EndProject
Global
	GlobalSection(SolutionConfigurationPlatforms) = preSolution
		Debug|Any CPU = Debug|Any CPU
		Release|Any CPU = Release|Any CPU
	EndGlobalSection
	GlobalSection(ProjectConfigurationPlatforms) = postSolution
		{5B5E4F8C-AC69-4273-99D7-E10083DC75AE}.Debug|Any CPU.ActiveCfg = Debug|Any CPU
		{5B5E4F8C-AC69-4273-99D7-E10083DC75AE}.Debug|Any CPU.Build.0 = Debug|Any CPU
		{5B5E4F8C-AC69-4273-99D7-E10083DC75AE}.Release|Any CPU.ActiveCfg = Release|Any CPU
		{5B5E4F8C-AC69-4273-99D7-E10083DC75AE}.Release|Any CPU.Build.0 = Release|Any CPU
	EndGlobalSection
	GlobalSection(SolutionProperties) = preSolution
		HideSolutionNode = FALSE
	EndGlobalSection
	GlobalSection(ExtensibilityGlobals) = postSolution
		SolutionGuid = {08B0A3F1-CDCB-47F1-B8A3-3FCA56634FE2}
	EndGlobalSection
EndGlobal
